
Microsoft Visual Studio Solution File, Format Version 12.00
# Visual Studio 15
VisualStudioVersion = 15.0.28307.779
MinimumVisualStudioVersion = 10.0.40219.1
Project("{8BC9CEB8-8B4A-11D0-8D11-00A0C91BC942}") = "adjust_feature_match", "adjust_feature_match\adjust_feature_match.vcxproj", "{5202F0A9-455D-48BD-9149-B08706354E4B}"
EndProject
Global
	GlobalSection(SolutionConfigurationPlatforms) = preSolution
		Debug|x64 = Debug|x64
		Release|x64 = Release|x64
	EndGlobalSection
	GlobalSection(ProjectConfigurationPlatforms) = postSolution
		{5202F0A9-455D-48BD-9149-B08706354E4B}.Debug|x64.ActiveCfg = Debug|x64
		{5202F0A9-455D-48BD-9149-B08706354E4B}.Debug|x64.Build.0 = Debug|x64
		{5202F0A9-455D-48BD-9149-B08706354E4B}.Release|x64.ActiveCfg = Release|x64
		{5202F0A9-455D-48BD-9149-B08706354E4B}.Release|x64.Build.0 = Release|x64
	EndGlobalSection
	GlobalSection(SolutionProperties) = preSolution
		HideSolutionNode = FALSE
	EndGlobalSection
	GlobalSection(ExtensibilityGlobals) = postSolution
		SolutionGuid = {9C166BD7-109C-46B8-BD6B-D86AB907C8B4}
	EndGlobalSection
EndGlobal
